
Microsoft Visual Studio Solution File, Format Version 12.00
# Visual Studio Version 17
VisualStudioVersion = 17.12.35514.174
MinimumVisualStudioVersion = 10.0.40219.1
Project("{2150E333-8FDC-42A3-9474-1A3956D46DE8}") = "Services", "Services", "{8A833FE5-C898-48C5-9266-13A6A95FB8C0}"
EndProject
Project("{2150E333-8FDC-42A3-9474-1A3956D46DE8}") = "Catalog", "Catalog", "{0E3ED8DC-4810-4098-A4C9-F1F9D2486B92}"
EndProject
Project("{FAE04EC0-301F-11D3-BF4B-00C04F79EFBC}") = "CatalogAPI", "Services\Catalog\CatalogAPI\CatalogAPI.csproj", "{88F09F18-1B3E-431D-ABFC-4DD8FCB7E0C6}"
EndProject
Project("{2150E333-8FDC-42A3-9474-1A3956D46DE8}") = "BuildingBlocks", "BuildingBlocks", "{6C4453F0-4784-45AA-9967-BE73A438B27C}"
EndProject
Project("{FAE04EC0-301F-11D3-BF4B-00C04F79EFBC}") = "BuildingBlocks", "BuildingBlocks\BuildingBlocks\BuildingBlocks.csproj", "{E3986D80-DE87-4B31-82F2-4A20413B887A}"
EndProject
Project("{E53339B2-1760-4266-BCC7-CA923CBCF16C}") = "docker-compose", "docker-compose.dcproj", "{3B3F0CF4-C6F9-4946-ABB5-8ED91FBCF032}"
EndProject
Project("{2150E333-8FDC-42A3-9474-1A3956D46DE8}") = "Basket", "Basket", "{FFD35E70-D81D-4894-9176-39B0F63D7670}"
EndProject
Project("{FAE04EC0-301F-11D3-BF4B-00C04F79EFBC}") = "Basket.API", "Services\Basket\Basket.API\Basket.API.csproj", "{A166AD58-7BDC-4B4C-85E2-4E5F0BB9869B}"
EndProject
Project("{2150E333-8FDC-42A3-9474-1A3956D46DE8}") = "Discount", "Discount", "{EE16AF69-A771-4C96-9B66-65E994383EB6}"
EndProject
Project("{FAE04EC0-301F-11D3-BF4B-00C04F79EFBC}") = "Discount.Grpc", "Services\Discount\Discount.Grpc\Discount.Grpc.csproj", "{A41B7A09-4014-4C15-852F-BCBB73A11961}"
EndProject
Global
	GlobalSection(SolutionConfigurationPlatforms) = preSolution
		Debug|Any CPU = Debug|Any CPU
		Release|Any CPU = Release|Any CPU
	EndGlobalSection
	GlobalSection(ProjectConfigurationPlatforms) = postSolution
		{88F09F18-1B3E-431D-ABFC-4DD8FCB7E0C6}.Debug|Any CPU.ActiveCfg = Debug|Any CPU
		{88F09F18-1B3E-431D-ABFC-4DD8FCB7E0C6}.Debug|Any CPU.Build.0 = Debug|Any CPU
		{88F09F18-1B3E-431D-ABFC-4DD8FCB7E0C6}.Release|Any CPU.ActiveCfg = Release|Any CPU
		{88F09F18-1B3E-431D-ABFC-4DD8FCB7E0C6}.Release|Any CPU.Build.0 = Release|Any CPU
		{E3986D80-DE87-4B31-82F2-4A20413B887A}.Debug|Any CPU.ActiveCfg = Debug|Any CPU
		{E3986D80-DE87-4B31-82F2-4A20413B887A}.Debug|Any CPU.Build.0 = Debug|Any CPU
		{E3986D80-DE87-4B31-82F2-4A20413B887A}.Release|Any CPU.ActiveCfg = Release|Any CPU
		{E3986D80-DE87-4B31-82F2-4A20413B887A}.Release|Any CPU.Build.0 = Release|Any CPU
		{3B3F0CF4-C6F9-4946-ABB5-8ED91FBCF032}.Debug|Any CPU.ActiveCfg = Debug|Any CPU
		{3B3F0CF4-C6F9-4946-ABB5-8ED91FBCF032}.Debug|Any CPU.Build.0 = Debug|Any CPU
		{3B3F0CF4-C6F9-4946-ABB5-8ED91FBCF032}.Release|Any CPU.ActiveCfg = Release|Any CPU
		{3B3F0CF4-C6F9-4946-ABB5-8ED91FBCF032}.Release|Any CPU.Build.0 = Release|Any CPU
		{A166AD58-7BDC-4B4C-85E2-4E5F0BB9869B}.Debug|Any CPU.ActiveCfg = Debug|Any CPU
		{A166AD58-7BDC-4B4C-85E2-4E5F0BB9869B}.Debug|Any CPU.Build.0 = Debug|Any CPU
		{A166AD58-7BDC-4B4C-85E2-4E5F0BB9869B}.Release|Any CPU.ActiveCfg = Release|Any CPU
		{A166AD58-7BDC-4B4C-85E2-4E5F0BB9869B}.Release|Any CPU.Build.0 = Release|Any CPU
		{A41B7A09-4014-4C15-852F-BCBB73A11961}.Debug|Any CPU.ActiveCfg = Debug|Any CPU
		{A41B7A09-4014-4C15-852F-BCBB73A11961}.Debug|Any CPU.Build.0 = Debug|Any CPU
		{A41B7A09-4014-4C15-852F-BCBB73A11961}.Release|Any CPU.ActiveCfg = Release|Any CPU
		{A41B7A09-4014-4C15-852F-BCBB73A11961}.Release|Any CPU.Build.0 = Release|Any CPU
	EndGlobalSection
	GlobalSection(SolutionProperties) = preSolution
		HideSolutionNode = FALSE
	EndGlobalSection
	GlobalSection(NestedProjects) = preSolution
		{0E3ED8DC-4810-4098-A4C9-F1F9D2486B92} = {8A833FE5-C898-48C5-9266-13A6A95FB8C0}
		{88F09F18-1B3E-431D-ABFC-4DD8FCB7E0C6} = {0E3ED8DC-4810-4098-A4C9-F1F9D2486B92}
		{E3986D80-DE87-4B31-82F2-4A20413B887A} = {6C4453F0-4784-45AA-9967-BE73A438B27C}
		{FFD35E70-D81D-4894-9176-39B0F63D7670} = {8A833FE5-C898-48C5-9266-13A6A95FB8C0}
		{A166AD58-7BDC-4B4C-85E2-4E5F0BB9869B} = {FFD35E70-D81D-4894-9176-39B0F63D7670}
		{EE16AF69-A771-4C96-9B66-65E994383EB6} = {8A833FE5-C898-48C5-9266-13A6A95FB8C0}
		{A41B7A09-4014-4C15-852F-BCBB73A11961} = {EE16AF69-A771-4C96-9B66-65E994383EB6}
	EndGlobalSection
EndGlobal
